
Microsoft Visual Studio Solution File, Format Version 12.00
# Visual Studio 15
VisualStudioVersion = 15.0.28307.645
MinimumVisualStudioVersion = 10.0.40219.1
Project("{FAE04EC0-301F-11D3-BF4B-00C04F79EFBC}") = "Studentscreeningsystem", "Studentscreeningsystem\Studentscreeningsystem.csproj", "{DE93F4E8-C131-4333-936C-60D1FB57E4B2}"
EndProject
Global
	GlobalSection(SolutionConfigurationPlatforms) = preSolution
		Debug|Any CPU = Debug|Any CPU
		Release|Any CPU = Release|Any CPU
	EndGlobalSection
	GlobalSection(ProjectConfigurationPlatforms) = postSolution
		{DE93F4E8-C131-4333-936C-60D1FB57E4B2}.Debug|Any CPU.ActiveCfg = Debug|Any CPU
		{DE93F4E8-C131-4333-936C-60D1FB57E4B2}.Debug|Any CPU.Build.0 = Debug|Any CPU
		{DE93F4E8-C131-4333-936C-60D1FB57E4B2}.Release|Any CPU.ActiveCfg = Release|Any CPU
		{DE93F4E8-C131-4333-936C-60D1FB57E4B2}.Release|Any CPU.Build.0 = Release|Any CPU
	EndGlobalSection
	GlobalSection(SolutionProperties) = preSolution
		HideSolutionNode = FALSE
	EndGlobalSection
	GlobalSection(ExtensibilityGlobals) = postSolution
		SolutionGuid = {DBDDAE14-387B-4419-B3F2-60332E5B780C}
	EndGlobalSection
EndGlobal
